
Microsoft Visual Studio Solution File, Format Version 12.00
# Visual Studio Version 17
VisualStudioVersion = 17.8.34511.84
MinimumVisualStudioVersion = 10.0.40219.1
Project("{FAE04EC0-301F-11D3-BF4B-00C04F79EFBC}") = "darkcloud", "darkcloud\darkcloud.csproj", "{E318587C-D4EC-4416-9D23-4D33862ADCEE}"
EndProject
Global
	GlobalSection(SolutionConfigurationPlatforms) = preSolution
		Debug|Any CPU = Debug|Any CPU
		Release|Any CPU = Release|Any CPU
	EndGlobalSection
	GlobalSection(ProjectConfigurationPlatforms) = postSolution
		{E318587C-D4EC-4416-9D23-4D33862ADCEE}.Debug|Any CPU.ActiveCfg = Debug|Any CPU
		{E318587C-D4EC-4416-9D23-4D33862ADCEE}.Debug|Any CPU.Build.0 = Debug|Any CPU
		{E318587C-D4EC-4416-9D23-4D33862ADCEE}.Release|Any CPU.ActiveCfg = Release|Any CPU
		{E318587C-D4EC-4416-9D23-4D33862ADCEE}.Release|Any CPU.Build.0 = Release|Any CPU
	EndGlobalSection
	GlobalSection(SolutionProperties) = preSolution
		HideSolutionNode = FALSE
	EndGlobalSection
	GlobalSection(ExtensibilityGlobals) = postSolution
		SolutionGuid = {61723D1D-00EE-4901-8C15-8BFE283A5C93}
	EndGlobalSection
EndGlobal
